
Microsoft Visual Studio Solution File, Format Version 12.00
# Visual Studio Version 17
VisualStudioVersion = 17.14.36221.1
MinimumVisualStudioVersion = 10.0.40219.1
Project("{FAE04EC0-301F-11D3-BF4B-00C04F79EFBC}") = "MyProject.Api", "MyProject.Api\MyProject.Api.csproj", "{1B9974E8-F6BD-071D-9D70-3087EBAFE4E5}"
EndProject
Project("{FAE04EC0-301F-11D3-BF4B-00C04F79EFBC}") = "MyProject.Entities", "MyProject.Entities\MyProject.Entities.csproj", "{D427A78A-0048-2A2D-C6DA-B2043F2A43CF}"
EndProject
Project("{FAE04EC0-301F-11D3-BF4B-00C04F79EFBC}") = "MyProject.Repositories", "MyProject.Repositories\MyProject.Repositories.csproj", "{F0E3FEF3-1D23-1E42-C9CA-85CB426B2B7E}"
EndProject
Project("{FAE04EC0-301F-11D3-BF4B-00C04F79EFBC}") = "MyProject.Services", "MyProject.Services\MyProject.Services.csproj", "{D3BF54DF-3719-F1B1-8F58-DF80F12F38F6}"
EndProject
Global
	GlobalSection(SolutionConfigurationPlatforms) = preSolution
		Debug|Any CPU = Debug|Any CPU
		Release|Any CPU = Release|Any CPU
	EndGlobalSection
	GlobalSection(ProjectConfigurationPlatforms) = postSolution
		{1B9974E8-F6BD-071D-9D70-3087EBAFE4E5}.Debug|Any CPU.ActiveCfg = Debug|Any CPU
		{1B9974E8-F6BD-071D-9D70-3087EBAFE4E5}.Debug|Any CPU.Build.0 = Debug|Any CPU
		{1B9974E8-F6BD-071D-9D70-3087EBAFE4E5}.Release|Any CPU.ActiveCfg = Release|Any CPU
		{1B9974E8-F6BD-071D-9D70-3087EBAFE4E5}.Release|Any CPU.Build.0 = Release|Any CPU
		{D427A78A-0048-2A2D-C6DA-B2043F2A43CF}.Debug|Any CPU.ActiveCfg = Debug|Any CPU
		{D427A78A-0048-2A2D-C6DA-B2043F2A43CF}.Debug|Any CPU.Build.0 = Debug|Any CPU
		{D427A78A-0048-2A2D-C6DA-B2043F2A43CF}.Release|Any CPU.ActiveCfg = Release|Any CPU
		{D427A78A-0048-2A2D-C6DA-B2043F2A43CF}.Release|Any CPU.Build.0 = Release|Any CPU
		{F0E3FEF3-1D23-1E42-C9CA-85CB426B2B7E}.Debug|Any CPU.ActiveCfg = Debug|Any CPU
		{F0E3FEF3-1D23-1E42-C9CA-85CB426B2B7E}.Debug|Any CPU.Build.0 = Debug|Any CPU
		{F0E3FEF3-1D23-1E42-C9CA-85CB426B2B7E}.Release|Any CPU.ActiveCfg = Release|Any CPU
		{F0E3FEF3-1D23-1E42-C9CA-85CB426B2B7E}.Release|Any CPU.Build.0 = Release|Any CPU
		{D3BF54DF-3719-F1B1-8F58-DF80F12F38F6}.Debug|Any CPU.ActiveCfg = Debug|Any CPU
		{D3BF54DF-3719-F1B1-8F58-DF80F12F38F6}.Debug|Any CPU.Build.0 = Debug|Any CPU
		{D3BF54DF-3719-F1B1-8F58-DF80F12F38F6}.Release|Any CPU.ActiveCfg = Release|Any CPU
		{D3BF54DF-3719-F1B1-8F58-DF80F12F38F6}.Release|Any CPU.Build.0 = Release|Any CPU
	EndGlobalSection
	GlobalSection(SolutionProperties) = preSolution
		HideSolutionNode = FALSE
	EndGlobalSection
	GlobalSection(ExtensibilityGlobals) = postSolution
		SolutionGuid = {EDA2E31F-9256-4369-B9BE-C06B580741A2}
	EndGlobalSection
EndGlobal
