
Microsoft Visual Studio Solution File, Format Version 12.00
# Visual Studio Version 17
VisualStudioVersion = 17.14.36221.1 d17.14
MinimumVisualStudioVersion = 10.0.40219.1
Project("{FAE04EC0-301F-11D3-BF4B-00C04F79EFBC}") = "MyProject.Services", "MyProject.Services.csproj", "{53984F95-B098-4D41-B3AB-F45C50019558}"
EndProject
Global
	GlobalSection(SolutionConfigurationPlatforms) = preSolution
		Debug|Any CPU = Debug|Any CPU
		Release|Any CPU = Release|Any CPU
	EndGlobalSection
	GlobalSection(ProjectConfigurationPlatforms) = postSolution
		{53984F95-B098-4D41-B3AB-F45C50019558}.Debug|Any CPU.ActiveCfg = Debug|Any CPU
		{53984F95-B098-4D41-B3AB-F45C50019558}.Debug|Any CPU.Build.0 = Debug|Any CPU
		{53984F95-B098-4D41-B3AB-F45C50019558}.Release|Any CPU.ActiveCfg = Release|Any CPU
		{53984F95-B098-4D41-B3AB-F45C50019558}.Release|Any CPU.Build.0 = Release|Any CPU
	EndGlobalSection
	GlobalSection(SolutionProperties) = preSolution
		HideSolutionNode = FALSE
	EndGlobalSection
	GlobalSection(ExtensibilityGlobals) = postSolution
		SolutionGuid = {6F86533A-E5FA-4336-AE1A-C35BE88EA3A8}
	EndGlobalSection
EndGlobal
